// !$*UTF8*$!
{
	archiveVersion = 1;
	classes = {
	};
	objectVersion = 55;
	objects = {

/* Begin PBXBuildFile section */
		CB48FE652ADED5C00065EB90 /* AppDelegate.swift in Sources */ = {isa = PBXBuildFile; fileRef = CB48FE642ADED5C00065EB90 /* AppDelegate.swift */; };
		CB48FE672ADED5C00065EB90 /* SceneDelegate.swift in Sources */ = {isa = PBXBuildFile; fileRef = CB48FE662ADED5C00065EB90 /* SceneDelegate.swift */; };
		CB48FE692ADED5C00065EB90 /* ViewController.swift in Sources */ = {isa = PBXBuildFile; fileRef = CB48FE682ADED5C00065EB90 /* ViewController.swift */; };
		CB48FE6C2ADED5C00065EB90 /* Main.storyboard in Resources */ = {isa = PBXBuildFile; fileRef = CB48FE6A2ADED5C00065EB90 /* Main.storyboard */; };
		CB48FE6E2ADED5C30065EB90 /* Assets.xcassets in Resources */ = {isa = PBXBuildFile; fileRef = CB48FE6D2ADED5C30065EB90 /* Assets.xcassets */; };
		CB48FE712ADED5C30065EB90 /* LaunchScreen.storyboard in Resources */ = {isa = PBXBuildFile; fileRef = CB48FE6F2ADED5C30065EB90 /* LaunchScreen.storyboard */; };
		CB48FE7B2ADEF6220065EB90 /* BMIViewController.swift in Sources */ = {isa = PBXBuildFile; fileRef = CB48FE7A2ADEF6220065EB90 /* BMIViewController.swift */; };
		CB82A1262AE197B800A7F0B8 /* ResultViewController.swift in Sources */ = {isa = PBXBuildFile; fileRef = CB82A1252AE197B800A7F0B8 /* ResultViewController.swift */; };
/* End PBXBuildFile section */

/* Begin PBXFileReference section */
		CB48FE612ADED5C00065EB90 /* HomeworkDay8.app */ = {isa = PBXFileReference; explicitFileType = wrapper.application; includeInIndex = 0; path = HomeworkDay8.app; sourceTree = BUILT_PRODUCTS_DIR; };
		CB48FE642ADED5C00065EB90 /* AppDelegate.swift */ = {isa = PBXFileReference; lastKnownFileType = sourcecode.swift; path = AppDelegate.swift; sourceTree = "<group>"; };
		CB48FE662ADED5C00065EB90 /* SceneDelegate.swift */ = {isa = PBXFileReference; lastKnownFileType = sourcecode.swift; path = SceneDelegate.swift; sourceTree = "<group>"; };
		CB48FE682ADED5C00065EB90 /* ViewController.swift */ = {isa = PBXFileReference; lastKnownFileType = sourcecode.swift; path = ViewController.swift; sourceTree = "<group>"; };
		CB48FE6B2ADED5C00065EB90 /* Base */ = {isa = PBXFileReference; lastKnownFileType = file.storyboard; name = Base; path = Base.lproj/Main.storyboard; sourceTree = "<group>"; };
		CB48FE6D2ADED5C30065EB90 /* Assets.xcassets */ = {isa = PBXFileReference; lastKnownFileType = folder.assetcatalog; path = Assets.xcassets; sourceTree = "<group>"; };
		CB48FE702ADED5C30065EB90 /* Base */ = {isa = PBXFileReference; lastKnownFileType = file.storyboard; name = Base; path = Base.lproj/LaunchScreen.storyboard; sourceTree = "<group>"; };
		CB48FE722ADED5C30065EB90 /* Info.plist */ = {isa = PBXFileReference; lastKnownFileType = text.plist.xml; path = Info.plist; sourceTree = "<group>"; };
		CB48FE7A2ADEF6220065EB90 /* BMIViewController.swift */ = {isa = PBXFileReference; lastKnownFileType = sourcecode.swift; path = BMIViewController.swift; sourceTree = "<group>"; };
		CB82A1252AE197B800A7F0B8 /* ResultViewController.swift */ = {isa = PBXFileReference; lastKnownFileType = sourcecode.swift; path = ResultViewController.swift; sourceTree = "<group>"; };
/* End PBXFileReference section */

/* Begin PBXFrameworksBuildPhase section */
		CB48FE5E2ADED5C00065EB90 /* Frameworks */ = {
			isa = PBXFrameworksBuildPhase;
			buildActionMask = 2147483647;
			files = (
			);
			runOnlyForDeploymentPostprocessing = 0;
		};
/* End PBXFrameworksBuildPhase section */

/* Begin PBXGroup section */
		CB48FE582ADED5C00065EB90 = {
			isa = PBXGroup;
			children = (
				CB48FE632ADED5C00065EB90 /* HomeworkDay8 */,
				CB48FE622ADED5C00065EB90 /* Products */,
			);
			sourceTree = "<group>";
		};
		CB48FE622ADED5C00065EB90 /* Products */ = {
			isa = PBXGroup;
			children = (
				CB48FE612ADED5C00065EB90 /* HomeworkDay8.app */,
			);
			name = Products;
			sourceTree = "<group>";
		};
		CB48FE632ADED5C00065EB90 /* HomeworkDay8 */ = {
			isa = PBXGroup;
			children = (
				CB48FE642ADED5C00065EB90 /* AppDelegate.swift */,
				CB48FE662ADED5C00065EB90 /* SceneDelegate.swift */,
				CB48FE682ADED5C00065EB90 /* ViewController.swift */,
				CB48FE7A2ADEF6220065EB90 /* BMIViewController.swift */,
				CB82A1252AE197B800A7F0B8 /* ResultViewController.swift */,
				CB48FE6A2ADED5C00065EB90 /* Main.storyboard */,
				CB48FE6D2ADED5C30065EB90 /* Assets.xcassets */,
				CB48FE6F2ADED5C30065EB90 /* LaunchScreen.storyboard */,
				CB48FE722ADED5C30065EB90 /* Info.plist */,
			);
			path = HomeworkDay8;
			sourceTree = "<group>";
		};
/* End PBXGroup section */

/* Begin PBXNativeTarget section */
		CB48FE602ADED5C00065EB90 /* HomeworkDay8 */ = {
			isa = PBXNativeTarget;
			buildConfigurationList = CB48FE752ADED5C30065EB90 /* Build configuration list for PBXNativeTarget "HomeworkDay8" */;
			buildPhases = (
				CB48FE5D2ADED5C00065EB90 /* Sources */,
				CB48FE5E2ADED5C00065EB90 /* Frameworks */,
				CB48FE5F2ADED5C00065EB90 /* Resources */,
			);
			buildRules = (
			);
			dependencies = (
			);
			name = HomeworkDay8;
			productName = HomeworkDay8;
			productReference = CB48FE612ADED5C00065EB90 /* HomeworkDay8.app */;
			productType = "com.apple.product-type.application";
		};
/* End PBXNativeTarget section */

/* Begin PBXProject section */
		CB48FE592ADED5C00065EB90 /* Project object */ = {
			isa = PBXProject;
			attributes = {
				BuildIndependentTargetsInParallel = 1;
				LastSwiftUpdateCheck = 1320;
				LastUpgradeCheck = 1320;
				TargetAttributes = {
					CB48FE602ADED5C00065EB90 = {
						CreatedOnToolsVersion = 13.2.1;
					};
				};
			};
			buildConfigurationList = CB48FE5C2ADED5C00065EB90 /* Build configuration list for PBXProject "HomeworkDay8" */;
			compatibilityVersion = "Xcode 13.0";
			developmentRegion = en;
			hasScannedForEncodings = 0;
			knownRegions = (
				en,
				Base,
			);
			mainGroup = CB48FE582ADED5C00065EB90;
			productRefGroup = CB48FE622ADED5C00065EB90 /* Products */;
			projectDirPath = "";
			projectRoot = "";
			targets = (
				CB48FE602ADED5C00065EB90 /* HomeworkDay8 */,
			);
		};
/* End PBXProject section */

/* Begin PBXResourcesBuildPhase section */
		CB48FE5F2ADED5C00065EB90 /* Resources */ = {
			isa = PBXResourcesBuildPhase;
			buildActionMask = 2147483647;
			files = (
				CB48FE712ADED5C30065EB90 /* LaunchScreen.storyboard in Resources */,
				CB48FE6E2ADED5C30065EB90 /* Assets.xcassets in Resources */,
				CB48FE6C2ADED5C00065EB90 /* Main.storyboard in Resources */,
			);
			runOnlyForDeploymentPostprocessing = 0;
		};
/* End PBXResourcesBuildPhase section */

/* Begin PBXSourcesBuildPhase section */
		CB48FE5D2ADED5C00065EB90 /* Sources */ = {
			isa = PBXSourcesBuildPhase;
			buildActionMask = 2147483647;
			files = (
				CB82A1262AE197B800A7F0B8 /* ResultViewController.swift in Sources */,
				CB48FE692ADED5C00065EB90 /* ViewController.swift in Sources */,
				CB48FE652ADED5C00065EB90 /* AppDelegate.swift in Sources */,
				CB48FE7B2ADEF6220065EB90 /* BMIViewController.swift in Sources */,
				CB48FE672ADED5C00065EB90 /* SceneDelegate.swift in Sources */,
			);
			runOnlyForDeploymentPostprocessing = 0;
		};
/* End PBXSourcesBuildPhase section */

/* Begin PBXVariantGroup section */
		CB48FE6A2ADED5C00065EB90 /* Main.storyboard */ = {
			isa = PBXVariantGroup;
			children = (
				CB48FE6B2ADED5C00065EB90 /* Base */,
			);
			name = Main.storyboard;
			sourceTree = "<group>";
		};
		CB48FE6F2ADED5C30065EB90 /* LaunchScreen.storyboard */ = {
			isa = PBXVariantGroup;
			children = (
				CB48FE702ADED5C30065EB90 /* Base */,
			);
			name = LaunchScreen.storyboard;
			sourceTree = "<group>";
		};
/* End PBXVariantGroup section */

/* Begin XCBuildConfiguration section */
		CB48FE732ADED5C30065EB90 /* Debug */ = {
			isa = XCBuildConfiguration;
			buildSettings = {
				ALWAYS_SEARCH_USER_PATHS = NO;
				CLANG_ANALYZER_NONNULL = YES;
				CLANG_ANALYZER_NUMBER_OBJECT_CONVERSION = YES_AGGRESSIVE;
				CLANG_CXX_LANGUAGE_STANDARD = "gnu++17";
				CLANG_CXX_LIBRARY = "libc++";
				CLANG_ENABLE_MODULES = YES;
				CLANG_ENABLE_OBJC_ARC = YES;
				CLANG_ENABLE_OBJC_WEAK = YES;
				CLANG_WARN_BLOCK_CAPTURE_AUTORELEASING = YES;
				CLANG_WARN_BOOL_CONVERSION = YES;
				CLANG_WARN_COMMA = YES;
				CLANG_WARN_CONSTANT_CONVERSION = YES;
				CLANG_WARN_DEPRECATED_OBJC_IMPLEMENTATIONS = YES;
				CLANG_WARN_DIRECT_OBJC_ISA_USAGE = YES_ERROR;
				CLANG_WARN_DOCUMENTATION_COMMENTS = YES;
				CLANG_WARN_EMPTY_BODY = YES;
				CLANG_WARN_ENUM_CONVERSION = YES;
				CLANG_WARN_INFINITE_RECURSION = YES;
				CLANG_WARN_INT_CONVERSION = YES;
				CLANG_WARN_NON_LITERAL_NULL_CONVERSION = YES;
				CLANG_WARN_OBJC_IMPLICIT_RETAIN_SELF = YES;
				CLANG_WARN_OBJC_LITERAL_CONVERSION = YES;
				CLANG_WARN_OBJC_ROOT_CLASS = YES_ERROR;
				CLANG_WARN_QUOTED_INCLUDE_IN_FRAMEWORK_HEADER = YES;
				CLANG_WARN_RANGE_LOOP_ANALYSIS = YES;
				CLANG_WARN_STRICT_PROTOTYPES = YES;
				CLANG_WARN_SUSPICIOUS_MOVE = YES;
				CLANG_WARN_UNGUARDED_AVAILABILITY = YES_AGGRESSIVE;
				CLANG_WARN_UNREACHABLE_CODE = YES;
				CLANG_WARN__DUPLICATE_METHOD_MATCH = YES;
				COPY_PHASE_STRIP = NO;
				DEBUG_INFORMATION_FORMAT = dwarf;
				ENABLE_STRICT_OBJC_MSGSEND = YES;
				ENABLE_TESTABILITY = YES;
				GCC_C_LANGUAGE_STANDARD = gnu11;
				GCC_DYNAMIC_NO_PIC = NO;
				GCC_NO_COMMON_BLOCKS = YES;
				GCC_OPTIMIZATION_LEVEL = 0;
				GCC_PREPROCESSOR_DEFINITIONS = (
					"DEBUG=1",
					"$(inherited)",
				);
				GCC_WARN_64_TO_32_BIT_CONVERSION = YES;
				GCC_WARN_ABOUT_RETURN_TYPE = YES_ERROR;
				GCC_WARN_UNDECLARED_SELECTOR = YES;
				GCC_WARN_UNINITIALIZED_AUTOS = YES_AGGRESSIVE;
				GCC_WARN_UNUSED_FUNCTION = YES;
				GCC_WARN_UNUSED_VARIABLE = YES;
				IPHONEOS_DEPLOYMENT_TARGET = 15.2;
				MTL_ENABLE_DEBUG_INFO = INCLUDE_SOURCE;
				MTL_FAST_MATH = YES;
				ONLY_ACTIVE_ARCH = YES;
				SDKROOT = iphoneos;
				SWIFT_ACTIVE_COMPILATION_CONDITIONS = DEBUG;
				SWIFT_OPTIMIZATION_LEVEL = "-Onone";
			};
			name = Debug;
		};
		CB48FE742ADED5C30065EB90 /* Release */ = {
			isa = XCBuildConfiguration;
			buildSettings = {
				ALWAYS_SEARCH_USER_PATHS = NO;
				CLANG_ANALYZER_NONNULL = YES;
				CLANG_ANALYZER_NUMBER_OBJECT_CONVERSION = YES_AGGRESSIVE;
				CLANG_CXX_LANGUAGE_STANDARD = "gnu++17";
				CLANG_CXX_LIBRARY = "libc++";
				CLANG_ENABLE_MODULES = YES;
				CLANG_ENABLE_OBJC_ARC = YES;
				CLANG_ENABLE_OBJC_WEAK = YES;
				CLANG_WARN_BLOCK_CAPTURE_AUTORELEASING = YES;
				CLANG_WARN_BOOL_CONVERSION = YES;
				CLANG_WARN_COMMA = YES;
				CLANG_WARN_CONSTANT_CONVERSION = YES;
				CLANG_WARN_DEPRECATED_OBJC_IMPLEMENTATIONS = YES;
				CLANG_WARN_DIRECT_OBJC_ISA_USAGE = YES_ERROR;
				CLANG_WARN_DOCUMENTATION_COMMENTS = YES;
				CLANG_WARN_EMPTY_BODY = YES;
				CLANG_WARN_ENUM_CONVERSION = YES;
				CLANG_WARN_INFINITE_RECURSION = YES;
				CLANG_WARN_INT_CONVERSION = YES;
				CLANG_WARN_NON_LITERAL_NULL_CONVERSION = YES;
				CLANG_WARN_OBJC_IMPLICIT_RETAIN_SELF = YES;
				CLANG_WARN_OBJC_LITERAL_CONVERSION = YES;
				CLANG_WARN_OBJC_ROOT_CLASS = YES_ERROR;
				CLANG_WARN_QUOTED_INCLUDE_IN_FRAMEWORK_HEADER = YES;
				CLANG_WARN_RANGE_LOOP_ANALYSIS = YES;
				CLANG_WARN_STRICT_PROTOTYPES = YES;
				CLANG_WARN_SUSPICIOUS_MOVE = YES;
				CLANG_WARN_UNGUARDED_AVAILABILITY = YES_AGGRESSIVE;
				CLANG_WARN_UNREACHABLE_CODE = YES;
				CLANG_WARN__DUPLICATE_METHOD_MATCH = YES;
				COPY_PHASE_STRIP = NO;
				DEBUG_INFORMATION_FORMAT = "dwarf-with-dsym";
				ENABLE_NS_ASSERTIONS = NO;
				ENABLE_STRICT_OBJC_MSGSEND = YES;
				GCC_C_LANGUAGE_STANDARD = gnu11;
				GCC_NO_COMMON_BLOCKS = YES;
				GCC_WARN_64_TO_32_BIT_CONVERSION = YES;
				GCC_WARN_ABOUT_RETURN_TYPE = YES_ERROR;
				GCC_WARN_UNDECLARED_SELECTOR = YES;
				GCC_WARN_UNINITIALIZED_AUTOS = YES_AGGRESSIVE;
				GCC_WARN_UNUSED_FUNCTION = YES;
				GCC_WARN_UNUSED_VARIABLE = YES;
				IPHONEOS_DEPLOYMENT_TARGET = 15.2;
				MTL_ENABLE_DEBUG_INFO = NO;
				MTL_FAST_MATH = YES;
				SDKROOT = iphoneos;
				SWIFT_COMPILATION_MODE = wholemodule;
				SWIFT_OPTIMIZATION_LEVEL = "-O";
				VALIDATE_PRODUCT = YES;
			};
			name = Release;
		};
		CB48FE762ADED5C30065EB90 /* Debug */ = {
			isa = XCBuildConfiguration;
			buildSettings = {
				ASSETCATALOG_COMPILER_APPICON_NAME = AppIcon;
				ASSETCATALOG_COMPILER_GLOBAL_ACCENT_COLOR_NAME = AccentColor;
				CODE_SIGN_STYLE = Automatic;
				CURRENT_PROJECT_VERSION = 1;
				DEVELOPMENT_TEAM = 8JTTJCX4T5;
				GENERATE_INFOPLIST_FILE = YES;
				INFOPLIST_FILE = HomeworkDay8/Info.plist;
				INFOPLIST_KEY_UIApplicationSupportsIndirectInputEvents = YES;
				INFOPLIST_KEY_UILaunchStoryboardName = LaunchScreen;
				INFOPLIST_KEY_UIMainStoryboardFile = Main;
				INFOPLIST_KEY_UISupportedInterfaceOrientations_iPad = "UIInterfaceOrientationPortrait UIInterfaceOrientationPortraitUpsideDown UIInterfaceOrientationLandscapeLeft UIInterfaceOrientationLandscapeRight";
				INFOPLIST_KEY_UISupportedInterfaceOrientations_iPhone = "UIInterfaceOrientationPortrait UIInterfaceOrientationLandscapeLeft UIInterfaceOrientationLandscapeRight";
				LD_RUNPATH_SEARCH_PATHS = (
					"$(inherited)",
					"@executable_path/Frameworks",
				);
				MARKETING_VERSION = 1.0;
				PRODUCT_BUNDLE_IDENTIFIER = com.vudinhhung.HomeworkDay8;
				PRODUCT_NAME = "$(TARGET_NAME)";
				SWIFT_EMIT_LOC_STRINGS = YES;
				SWIFT_VERSION = 5.0;
				TARGETED_DEVICE_FAMILY = "1,2";
			};
			name = Debug;
		};
		CB48FE772ADED5C30065EB90 /* Release */ = {
			isa = XCBuildConfiguration;
			buildSettings = {
				ASSETCATALOG_COMPILER_APPICON_NAME = AppIcon;
				ASSETCATALOG_COMPILER_GLOBAL_ACCENT_COLOR_NAME = AccentColor;
				CODE_SIGN_STYLE = Automatic;
				CURRENT_PROJECT_VERSION = 1;
				DEVELOPMENT_TEAM = 8JTTJCX4T5;
				GENERATE_INFOPLIST_FILE = YES;
				INFOPLIST_FILE = HomeworkDay8/Info.plist;
				INFOPLIST_KEY_UIApplicationSupportsIndirectInputEvents = YES;
				INFOPLIST_KEY_UILaunchStoryboardName = LaunchScreen;
				INFOPLIST_KEY_UIMainStoryboardFile = Main;
				INFOPLIST_KEY_UISupportedInterfaceOrientations_iPad = "UIInterfaceOrientationPortrait UIInterfaceOrientationPortraitUpsideDown UIInterfaceOrientationLandscapeLeft UIInterfaceOrientationLandscapeRight";
				INFOPLIST_KEY_UISupportedInterfaceOrientations_iPhone = "UIInterfaceOrientationPortrait UIInterfaceOrientationLandscapeLeft UIInterfaceOrientationLandscapeRight";
				LD_RUNPATH_SEARCH_PATHS = (
					"$(inherited)",
					"@executable_path/Frameworks",
				);
				MARKETING_VERSION = 1.0;
				PRODUCT_BUNDLE_IDENTIFIER = com.vudinhhung.HomeworkDay8;
				PRODUCT_NAME = "$(TARGET_NAME)";
				SWIFT_EMIT_LOC_STRINGS = YES;
				SWIFT_VERSION = 5.0;
				TARGETED_DEVICE_FAMILY = "1,2";
			};
			name = Release;
		};
/* End XCBuildConfiguration section */

/* Begin XCConfigurationList section */
		CB48FE5C2ADED5C00065EB90 /* Build configuration list for PBXProject "HomeworkDay8" */ = {
			isa = XCConfigurationList;
			buildConfigurations = (
				CB48FE732ADED5C30065EB90 /* Debug */,
				CB48FE742ADED5C30065EB90 /* Release */,
			);
			defaultConfigurationIsVisible = 0;
			defaultConfigurationName = Release;
		};
		CB48FE752ADED5C30065EB90 /* Build configuration list for PBXNativeTarget "HomeworkDay8" */ = {
			isa = XCConfigurationList;
			buildConfigurations = (
				CB48FE762ADED5C30065EB90 /* Debug */,
				CB48FE772ADED5C30065EB90 /* Release */,
			);
			defaultConfigurationIsVisible = 0;
			defaultConfigurationName = Release;
		};
/* End XCConfigurationList section */
	};
	rootObject = CB48FE592ADED5C00065EB90 /* Project object */;
}
